
Microsoft Visual Studio Solution File, Format Version 12.00
# Visual Studio Version 17
VisualStudioVersion = 17.11.35303.130
MinimumVisualStudioVersion = 10.0.40219.1
Project("{9A19103F-16F7-4668-BE54-9A1E7A4F7556}") = "FullstackCRUD", "FullstackCRUD\FullstackCRUD.csproj", "{22342323-AE39-42A8-AECA-EDDC625427C0}"
EndProject
Project("{9A19103F-16F7-4668-BE54-9A1E7A4F7556}") = "BookStore.core", "BookStore.core\BookStore.core.csproj", "{5D611011-4A87-4A05-90FB-88B7E038421B}"
EndProject
Project("{FAE04EC0-301F-11D3-BF4B-00C04F79EFBC}") = "BookStore.DataAccess", "BookStore.DataAccess\BookStore.DataAccess.csproj", "{73D9FA00-9CED-45A9-B2DB-8FA77FF82E31}"
EndProject
Global
	GlobalSection(SolutionConfigurationPlatforms) = preSolution
		Debug|Any CPU = Debug|Any CPU
		Release|Any CPU = Release|Any CPU
	EndGlobalSection
	GlobalSection(ProjectConfigurationPlatforms) = postSolution
		{22342323-AE39-42A8-AECA-EDDC625427C0}.Debug|Any CPU.ActiveCfg = Debug|Any CPU
		{22342323-AE39-42A8-AECA-EDDC625427C0}.Debug|Any CPU.Build.0 = Debug|Any CPU
		{22342323-AE39-42A8-AECA-EDDC625427C0}.Release|Any CPU.ActiveCfg = Release|Any CPU
		{22342323-AE39-42A8-AECA-EDDC625427C0}.Release|Any CPU.Build.0 = Release|Any CPU
		{5D611011-4A87-4A05-90FB-88B7E038421B}.Debug|Any CPU.ActiveCfg = Debug|Any CPU
		{5D611011-4A87-4A05-90FB-88B7E038421B}.Debug|Any CPU.Build.0 = Debug|Any CPU
		{5D611011-4A87-4A05-90FB-88B7E038421B}.Release|Any CPU.ActiveCfg = Release|Any CPU
		{5D611011-4A87-4A05-90FB-88B7E038421B}.Release|Any CPU.Build.0 = Release|Any CPU
		{73D9FA00-9CED-45A9-B2DB-8FA77FF82E31}.Debug|Any CPU.ActiveCfg = Debug|Any CPU
		{73D9FA00-9CED-45A9-B2DB-8FA77FF82E31}.Debug|Any CPU.Build.0 = Debug|Any CPU
		{73D9FA00-9CED-45A9-B2DB-8FA77FF82E31}.Release|Any CPU.ActiveCfg = Release|Any CPU
		{73D9FA00-9CED-45A9-B2DB-8FA77FF82E31}.Release|Any CPU.Build.0 = Release|Any CPU
	EndGlobalSection
	GlobalSection(SolutionProperties) = preSolution
		HideSolutionNode = FALSE
	EndGlobalSection
	GlobalSection(ExtensibilityGlobals) = postSolution
		SolutionGuid = {C7C97236-5E86-4E44-A2BC-2A84AF1609E1}
	EndGlobalSection
EndGlobal
